
Microsoft Visual Studio Solution File, Format Version 12.00
# Visual Studio 15
VisualStudioVersion = 15.0.28307.136
MinimumVisualStudioVersion = 10.0.40219.1
Project("{9A19103F-16F7-4668-BE54-9A1E7A4F7556}") = "SQLiteCrossPlatform", "SQLiteCrossPlatform\SQLiteCrossPlatform.csproj", "{49B4794E-ED70-43D5-A238-ED2EFC363201}"
EndProject
Project("{9A19103F-16F7-4668-BE54-9A1E7A4F7556}") = "SQLite.NetCore", "SQLite.NetCore\SQLite.NetCore.csproj", "{00EF9BD5-A5F6-4B94-B0FE-030B0DF8C645}"
EndProject
Project("{FAE04EC0-301F-11D3-BF4B-00C04F79EFBC}") = "SQLite.NetFramework", "SQLite.NetFramework\SQLite.NetFramework.csproj", "{32DC4FB6-09CF-4139-9C70-F4A208B5508A}"
EndProject
Project("{FAE04EC0-301F-11D3-BF4B-00C04F79EFBC}") = "SQLite.Xamarin.Android", "SQLite.Xamarin\SQLite.Xamarin.Android\SQLite.Xamarin.Android.csproj", "{6A1CB0F3-9636-4B87-A51F-3A857B1892BA}"
EndProject
Project("{FAE04EC0-301F-11D3-BF4B-00C04F79EFBC}") = "SQLite.Xamarin.iOS", "SQLite.Xamarin\SQLite.Xamarin.iOS\SQLite.Xamarin.iOS.csproj", "{A6092945-ED5B-4B34-A104-7330DB448693}"
EndProject
Project("{FAE04EC0-301F-11D3-BF4B-00C04F79EFBC}") = "SQLite.Xamarin.UWP", "SQLite.Xamarin\SQLite.Xamarin.UWP\SQLite.Xamarin.UWP.csproj", "{ECC638D2-8D1F-4937-B936-6D7507E12446}"
EndProject
Project("{FAE04EC0-301F-11D3-BF4B-00C04F79EFBC}") = "SQLite.Xamarin", "SQLite.Xamarin\SQLite.Xamarin\SQLite.Xamarin.csproj", "{B356B9A3-BF6C-4746-8F27-99834CD9EE57}"
EndProject
Project("{2150E333-8FDC-42A3-9474-1A3956D46DE8}") = "Mobile", "Mobile", "{8CBDDD1C-0909-4D47-A8C0-A966C5D3D1B0}"
EndProject
Project("{2150E333-8FDC-42A3-9474-1A3956D46DE8}") = "NetCore", "NetCore", "{EB33BF4D-C179-47DC-87E9-2B4B2752ED2D}"
EndProject
Project("{2150E333-8FDC-42A3-9474-1A3956D46DE8}") = "NetFramework", "NetFramework", "{35C27E38-2543-44A3-8718-E8FEFE0C92BD}"
EndProject
Project("{2150E333-8FDC-42A3-9474-1A3956D46DE8}") = "SharedLib", "SharedLib", "{5AB901E8-7D85-43D8-AC7D-AFBFF4F9D99E}"
EndProject
Global
	GlobalSection(SolutionConfigurationPlatforms) = preSolution
		Ad-Hoc|Any CPU = Ad-Hoc|Any CPU
		Ad-Hoc|ARM = Ad-Hoc|ARM
		Ad-Hoc|iPhone = Ad-Hoc|iPhone
		Ad-Hoc|iPhoneSimulator = Ad-Hoc|iPhoneSimulator
		Ad-Hoc|x64 = Ad-Hoc|x64
		Ad-Hoc|x86 = Ad-Hoc|x86
		AppStore|Any CPU = AppStore|Any CPU
		AppStore|ARM = AppStore|ARM
		AppStore|iPhone = AppStore|iPhone
		AppStore|iPhoneSimulator = AppStore|iPhoneSimulator
		AppStore|x64 = AppStore|x64
		AppStore|x86 = AppStore|x86
		Debug|Any CPU = Debug|Any CPU
		Debug|ARM = Debug|ARM
		Debug|iPhone = Debug|iPhone
		Debug|iPhoneSimulator = Debug|iPhoneSimulator
		Debug|x64 = Debug|x64
		Debug|x86 = Debug|x86
		Release|Any CPU = Release|Any CPU
		Release|ARM = Release|ARM
		Release|iPhone = Release|iPhone
		Release|iPhoneSimulator = Release|iPhoneSimulator
		Release|x64 = Release|x64
		Release|x86 = Release|x86
	EndGlobalSection
	GlobalSection(ProjectConfigurationPlatforms) = postSolution
		{49B4794E-ED70-43D5-A238-ED2EFC363201}.Ad-Hoc|Any CPU.ActiveCfg = Release|Any CPU
		{49B4794E-ED70-43D5-A238-ED2EFC363201}.Ad-Hoc|Any CPU.Build.0 = Release|Any CPU
		{49B4794E-ED70-43D5-A238-ED2EFC363201}.Ad-Hoc|ARM.ActiveCfg = Release|Any CPU
		{49B4794E-ED70-43D5-A238-ED2EFC363201}.Ad-Hoc|ARM.Build.0 = Release|Any CPU
		{49B4794E-ED70-43D5-A238-ED2EFC363201}.Ad-Hoc|iPhone.ActiveCfg = Release|Any CPU
		{49B4794E-ED70-43D5-A238-ED2EFC363201}.Ad-Hoc|iPhone.Build.0 = Release|Any CPU
		{49B4794E-ED70-43D5-A238-ED2EFC363201}.Ad-Hoc|iPhoneSimulator.ActiveCfg = Release|Any CPU
		{49B4794E-ED70-43D5-A238-ED2EFC363201}.Ad-Hoc|iPhoneSimulator.Build.0 = Release|Any CPU
		{49B4794E-ED70-43D5-A238-ED2EFC363201}.Ad-Hoc|x64.ActiveCfg = Release|Any CPU
		{49B4794E-ED70-43D5-A238-ED2EFC363201}.Ad-Hoc|x64.Build.0 = Release|Any CPU
		{49B4794E-ED70-43D5-A238-ED2EFC363201}.Ad-Hoc|x86.ActiveCfg = Release|Any CPU
		{49B4794E-ED70-43D5-A238-ED2EFC363201}.Ad-Hoc|x86.Build.0 = Release|Any CPU
		{49B4794E-ED70-43D5-A238-ED2EFC363201}.AppStore|Any CPU.ActiveCfg = Release|Any CPU
		{49B4794E-ED70-43D5-A238-ED2EFC363201}.AppStore|Any CPU.Build.0 = Release|Any CPU
		{49B4794E-ED70-43D5-A238-ED2EFC363201}.AppStore|ARM.ActiveCfg = Release|Any CPU
		{49B4794E-ED70-43D5-A238-ED2EFC363201}.AppStore|ARM.Build.0 = Release|Any CPU
		{49B4794E-ED70-43D5-A238-ED2EFC363201}.AppStore|iPhone.ActiveCfg = Release|Any CPU
		{49B4794E-ED70-43D5-A238-ED2EFC363201}.AppStore|iPhone.Build.0 = Release|Any CPU
		{49B4794E-ED70-43D5-A238-ED2EFC363201}.AppStore|iPhoneSimulator.ActiveCfg = Release|Any CPU
		{49B4794E-ED70-43D5-A238-ED2EFC363201}.AppStore|iPhoneSimulator.Build.0 = Release|Any CPU
		{49B4794E-ED70-43D5-A238-ED2EFC363201}.AppStore|x64.ActiveCfg = Release|Any CPU
		{49B4794E-ED70-43D5-A238-ED2EFC363201}.AppStore|x64.Build.0 = Release|Any CPU
		{49B4794E-ED70-43D5-A238-ED2EFC363201}.AppStore|x86.ActiveCfg = Release|Any CPU
		{49B4794E-ED70-43D5-A238-ED2EFC363201}.AppStore|x86.Build.0 = Release|Any CPU
		{49B4794E-ED70-43D5-A238-ED2EFC363201}.Debug|Any CPU.ActiveCfg = Debug|Any CPU
		{49B4794E-ED70-43D5-A238-ED2EFC363201}.Debug|Any CPU.Build.0 = Debug|Any CPU
		{49B4794E-ED70-43D5-A238-ED2EFC363201}.Debug|ARM.ActiveCfg = Debug|Any CPU
		{49B4794E-ED70-43D5-A238-ED2EFC363201}.Debug|ARM.Build.0 = Debug|Any CPU
		{49B4794E-ED70-43D5-A238-ED2EFC363201}.Debug|iPhone.ActiveCfg = Debug|Any CPU
		{49B4794E-ED70-43D5-A238-ED2EFC363201}.Debug|iPhone.Build.0 = Debug|Any CPU
		{49B4794E-ED70-43D5-A238-ED2EFC363201}.Debug|iPhoneSimulator.ActiveCfg = Debug|Any CPU
		{49B4794E-ED70-43D5-A238-ED2EFC363201}.Debug|iPhoneSimulator.Build.0 = Debug|Any CPU
		{49B4794E-ED70-43D5-A238-ED2EFC363201}.Debug|x64.ActiveCfg = Debug|Any CPU
		{49B4794E-ED70-43D5-A238-ED2EFC363201}.Debug|x64.Build.0 = Debug|Any CPU
		{49B4794E-ED70-43D5-A238-ED2EFC363201}.Debug|x86.ActiveCfg = Debug|Any CPU
		{49B4794E-ED70-43D5-A238-ED2EFC363201}.Debug|x86.Build.0 = Debug|Any CPU
		{49B4794E-ED70-43D5-A238-ED2EFC363201}.Release|Any CPU.ActiveCfg = Release|Any CPU
		{49B4794E-ED70-43D5-A238-ED2EFC363201}.Release|Any CPU.Build.0 = Release|Any CPU
		{49B4794E-ED70-43D5-A238-ED2EFC363201}.Release|ARM.ActiveCfg = Release|Any CPU
		{49B4794E-ED70-43D5-A238-ED2EFC363201}.Release|ARM.Build.0 = Release|Any CPU
		{49B4794E-ED70-43D5-A238-ED2EFC363201}.Release|iPhone.ActiveCfg = Release|Any CPU
		{49B4794E-ED70-43D5-A238-ED2EFC363201}.Release|iPhone.Build.0 = Release|Any CPU
		{49B4794E-ED70-43D5-A238-ED2EFC363201}.Release|iPhoneSimulator.ActiveCfg = Release|Any CPU
		{49B4794E-ED70-43D5-A238-ED2EFC363201}.Release|iPhoneSimulator.Build.0 = Release|Any CPU
		{49B4794E-ED70-43D5-A238-ED2EFC363201}.Release|x64.ActiveCfg = Release|Any CPU
		{49B4794E-ED70-43D5-A238-ED2EFC363201}.Release|x64.Build.0 = Release|Any CPU
		{49B4794E-ED70-43D5-A238-ED2EFC363201}.Release|x86.ActiveCfg = Release|Any CPU
		{49B4794E-ED70-43D5-A238-ED2EFC363201}.Release|x86.Build.0 = Release|Any CPU
		{00EF9BD5-A5F6-4B94-B0FE-030B0DF8C645}.Ad-Hoc|Any CPU.ActiveCfg = Release|Any CPU
		{00EF9BD5-A5F6-4B94-B0FE-030B0DF8C645}.Ad-Hoc|Any CPU.Build.0 = Release|Any CPU
		{00EF9BD5-A5F6-4B94-B0FE-030B0DF8C645}.Ad-Hoc|ARM.ActiveCfg = Release|Any CPU
		{00EF9BD5-A5F6-4B94-B0FE-030B0DF8C645}.Ad-Hoc|ARM.Build.0 = Release|Any CPU
		{00EF9BD5-A5F6-4B94-B0FE-030B0DF8C645}.Ad-Hoc|iPhone.ActiveCfg = Release|Any CPU
		{00EF9BD5-A5F6-4B94-B0FE-030B0DF8C645}.Ad-Hoc|iPhone.Build.0 = Release|Any CPU
		{00EF9BD5-A5F6-4B94-B0FE-030B0DF8C645}.Ad-Hoc|iPhoneSimulator.ActiveCfg = Release|Any CPU
		{00EF9BD5-A5F6-4B94-B0FE-030B0DF8C645}.Ad-Hoc|iPhoneSimulator.Build.0 = Release|Any CPU
		{00EF9BD5-A5F6-4B94-B0FE-030B0DF8C645}.Ad-Hoc|x64.ActiveCfg = Release|Any CPU
		{00EF9BD5-A5F6-4B94-B0FE-030B0DF8C645}.Ad-Hoc|x64.Build.0 = Release|Any CPU
		{00EF9BD5-A5F6-4B94-B0FE-030B0DF8C645}.Ad-Hoc|x86.ActiveCfg = Release|Any CPU
		{00EF9BD5-A5F6-4B94-B0FE-030B0DF8C645}.Ad-Hoc|x86.Build.0 = Release|Any CPU
		{00EF9BD5-A5F6-4B94-B0FE-030B0DF8C645}.AppStore|Any CPU.ActiveCfg = Release|Any CPU
		{00EF9BD5-A5F6-4B94-B0FE-030B0DF8C645}.AppStore|Any CPU.Build.0 = Release|Any CPU
		{00EF9BD5-A5F6-4B94-B0FE-030B0DF8C645}.AppStore|ARM.ActiveCfg = Release|Any CPU
		{00EF9BD5-A5F6-4B94-B0FE-030B0DF8C645}.AppStore|ARM.Build.0 = Release|Any CPU
		{00EF9BD5-A5F6-4B94-B0FE-030B0DF8C645}.AppStore|iPhone.ActiveCfg = Release|Any CPU
		{00EF9BD5-A5F6-4B94-B0FE-030B0DF8C645}.AppStore|iPhone.Build.0 = Release|Any CPU
		{00EF9BD5-A5F6-4B94-B0FE-030B0DF8C645}.AppStore|iPhoneSimulator.ActiveCfg = Release|Any CPU
		{00EF9BD5-A5F6-4B94-B0FE-030B0DF8C645}.AppStore|iPhoneSimulator.Build.0 = Release|Any CPU
		{00EF9BD5-A5F6-4B94-B0FE-030B0DF8C645}.AppStore|x64.ActiveCfg = Release|Any CPU
		{00EF9BD5-A5F6-4B94-B0FE-030B0DF8C645}.AppStore|x64.Build.0 = Release|Any CPU
		{00EF9BD5-A5F6-4B94-B0FE-030B0DF8C645}.AppStore|x86.ActiveCfg = Release|Any CPU
		{00EF9BD5-A5F6-4B94-B0FE-030B0DF8C645}.AppStore|x86.Build.0 = Release|Any CPU
		{00EF9BD5-A5F6-4B94-B0FE-030B0DF8C645}.Debug|Any CPU.ActiveCfg = Debug|Any CPU
		{00EF9BD5-A5F6-4B94-B0FE-030B0DF8C645}.Debug|Any CPU.Build.0 = Debug|Any CPU
		{00EF9BD5-A5F6-4B94-B0FE-030B0DF8C645}.Debug|ARM.ActiveCfg = Debug|Any CPU
		{00EF9BD5-A5F6-4B94-B0FE-030B0DF8C645}.Debug|ARM.Build.0 = Debug|Any CPU
		{00EF9BD5-A5F6-4B94-B0FE-030B0DF8C645}.Debug|iPhone.ActiveCfg = Debug|Any CPU
		{00EF9BD5-A5F6-4B94-B0FE-030B0DF8C645}.Debug|iPhone.Build.0 = Debug|Any CPU
		{00EF9BD5-A5F6-4B94-B0FE-030B0DF8C645}.Debug|iPhoneSimulator.ActiveCfg = Debug|Any CPU
		{00EF9BD5-A5F6-4B94-B0FE-030B0DF8C645}.Debug|iPhoneSimulator.Build.0 = Debug|Any CPU
		{00EF9BD5-A5F6-4B94-B0FE-030B0DF8C645}.Debug|x64.ActiveCfg = Debug|Any CPU
		{00EF9BD5-A5F6-4B94-B0FE-030B0DF8C645}.Debug|x64.Build.0 = Debug|Any CPU
		{00EF9BD5-A5F6-4B94-B0FE-030B0DF8C645}.Debug|x86.ActiveCfg = Debug|Any CPU
		{00EF9BD5-A5F6-4B94-B0FE-030B0DF8C645}.Debug|x86.Build.0 = Debug|Any CPU
		{00EF9BD5-A5F6-4B94-B0FE-030B0DF8C645}.Release|Any CPU.ActiveCfg = Release|Any CPU
		{00EF9BD5-A5F6-4B94-B0FE-030B0DF8C645}.Release|Any CPU.Build.0 = Release|Any CPU
		{00EF9BD5-A5F6-4B94-B0FE-030B0DF8C645}.Release|ARM.ActiveCfg = Release|Any CPU
		{00EF9BD5-A5F6-4B94-B0FE-030B0DF8C645}.Release|ARM.Build.0 = Release|Any CPU
		{00EF9BD5-A5F6-4B94-B0FE-030B0DF8C645}.Release|iPhone.ActiveCfg = Release|Any CPU
		{00EF9BD5-A5F6-4B94-B0FE-030B0DF8C645}.Release|iPhone.Build.0 = Release|Any CPU
		{00EF9BD5-A5F6-4B94-B0FE-030B0DF8C645}.Release|iPhoneSimulator.ActiveCfg = Release|Any CPU
		{00EF9BD5-A5F6-4B94-B0FE-030B0DF8C645}.Release|iPhoneSimulator.Build.0 = Release|Any CPU
		{00EF9BD5-A5F6-4B94-B0FE-030B0DF8C645}.Release|x64.ActiveCfg = Release|Any CPU
		{00EF9BD5-A5F6-4B94-B0FE-030B0DF8C645}.Release|x64.Build.0 = Release|Any CPU
		{00EF9BD5-A5F6-4B94-B0FE-030B0DF8C645}.Release|x86.ActiveCfg = Release|Any CPU
		{00EF9BD5-A5F6-4B94-B0FE-030B0DF8C645}.Release|x86.Build.0 = Release|Any CPU
		{32DC4FB6-09CF-4139-9C70-F4A208B5508A}.Ad-Hoc|Any CPU.ActiveCfg = Release|Any CPU
		{32DC4FB6-09CF-4139-9C70-F4A208B5508A}.Ad-Hoc|Any CPU.Build.0 = Release|Any CPU
		{32DC4FB6-09CF-4139-9C70-F4A208B5508A}.Ad-Hoc|ARM.ActiveCfg = Release|Any CPU
		{32DC4FB6-09CF-4139-9C70-F4A208B5508A}.Ad-Hoc|ARM.Build.0 = Release|Any CPU
		{32DC4FB6-09CF-4139-9C70-F4A208B5508A}.Ad-Hoc|iPhone.ActiveCfg = Release|Any CPU
		{32DC4FB6-09CF-4139-9C70-F4A208B5508A}.Ad-Hoc|iPhone.Build.0 = Release|Any CPU
		{32DC4FB6-09CF-4139-9C70-F4A208B5508A}.Ad-Hoc|iPhoneSimulator.ActiveCfg = Release|Any CPU
		{32DC4FB6-09CF-4139-9C70-F4A208B5508A}.Ad-Hoc|iPhoneSimulator.Build.0 = Release|Any CPU
		{32DC4FB6-09CF-4139-9C70-F4A208B5508A}.Ad-Hoc|x64.ActiveCfg = Release|Any CPU
		{32DC4FB6-09CF-4139-9C70-F4A208B5508A}.Ad-Hoc|x64.Build.0 = Release|Any CPU
		{32DC4FB6-09CF-4139-9C70-F4A208B5508A}.Ad-Hoc|x86.ActiveCfg = Release|Any CPU
		{32DC4FB6-09CF-4139-9C70-F4A208B5508A}.Ad-Hoc|x86.Build.0 = Release|Any CPU
		{32DC4FB6-09CF-4139-9C70-F4A208B5508A}.AppStore|Any CPU.ActiveCfg = Release|Any CPU
		{32DC4FB6-09CF-4139-9C70-F4A208B5508A}.AppStore|Any CPU.Build.0 = Release|Any CPU
		{32DC4FB6-09CF-4139-9C70-F4A208B5508A}.AppStore|ARM.ActiveCfg = Release|Any CPU
		{32DC4FB6-09CF-4139-9C70-F4A208B5508A}.AppStore|ARM.Build.0 = Release|Any CPU
		{32DC4FB6-09CF-4139-9C70-F4A208B5508A}.AppStore|iPhone.ActiveCfg = Release|Any CPU
		{32DC4FB6-09CF-4139-9C70-F4A208B5508A}.AppStore|iPhone.Build.0 = Release|Any CPU
		{32DC4FB6-09CF-4139-9C70-F4A208B5508A}.AppStore|iPhoneSimulator.ActiveCfg = Release|Any CPU
		{32DC4FB6-09CF-4139-9C70-F4A208B5508A}.AppStore|iPhoneSimulator.Build.0 = Release|Any CPU
		{32DC4FB6-09CF-4139-9C70-F4A208B5508A}.AppStore|x64.ActiveCfg = Release|Any CPU
		{32DC4FB6-09CF-4139-9C70-F4A208B5508A}.AppStore|x64.Build.0 = Release|Any CPU
		{32DC4FB6-09CF-4139-9C70-F4A208B5508A}.AppStore|x86.ActiveCfg = Release|Any CPU
		{32DC4FB6-09CF-4139-9C70-F4A208B5508A}.AppStore|x86.Build.0 = Release|Any CPU
		{32DC4FB6-09CF-4139-9C70-F4A208B5508A}.Debug|Any CPU.ActiveCfg = Debug|Any CPU
		{32DC4FB6-09CF-4139-9C70-F4A208B5508A}.Debug|Any CPU.Build.0 = Debug|Any CPU
		{32DC4FB6-09CF-4139-9C70-F4A208B5508A}.Debug|ARM.ActiveCfg = Debug|Any CPU
		{32DC4FB6-09CF-4139-9C70-F4A208B5508A}.Debug|ARM.Build.0 = Debug|Any CPU
		{32DC4FB6-09CF-4139-9C70-F4A208B5508A}.Debug|iPhone.ActiveCfg = Debug|Any CPU
		{32DC4FB6-09CF-4139-9C70-F4A208B5508A}.Debug|iPhone.Build.0 = Debug|Any CPU
		{32DC4FB6-09CF-4139-9C70-F4A208B5508A}.Debug|iPhoneSimulator.ActiveCfg = Debug|Any CPU
		{32DC4FB6-09CF-4139-9C70-F4A208B5508A}.Debug|iPhoneSimulator.Build.0 = Debug|Any CPU
		{32DC4FB6-09CF-4139-9C70-F4A208B5508A}.Debug|x64.ActiveCfg = Debug|Any CPU
		{32DC4FB6-09CF-4139-9C70-F4A208B5508A}.Debug|x64.Build.0 = Debug|Any CPU
		{32DC4FB6-09CF-4139-9C70-F4A208B5508A}.Debug|x86.ActiveCfg = Debug|Any CPU
		{32DC4FB6-09CF-4139-9C70-F4A208B5508A}.Debug|x86.Build.0 = Debug|Any CPU
		{32DC4FB6-09CF-4139-9C70-F4A208B5508A}.Release|Any CPU.ActiveCfg = Release|Any CPU
		{32DC4FB6-09CF-4139-9C70-F4A208B5508A}.Release|Any CPU.Build.0 = Release|Any CPU
		{32DC4FB6-09CF-4139-9C70-F4A208B5508A}.Release|ARM.ActiveCfg = Release|Any CPU
		{32DC4FB6-09CF-4139-9C70-F4A208B5508A}.Release|ARM.Build.0 = Release|Any CPU
		{32DC4FB6-09CF-4139-9C70-F4A208B5508A}.Release|iPhone.ActiveCfg = Release|Any CPU
		{32DC4FB6-09CF-4139-9C70-F4A208B5508A}.Release|iPhone.Build.0 = Release|Any CPU
		{32DC4FB6-09CF-4139-9C70-F4A208B5508A}.Release|iPhoneSimulator.ActiveCfg = Release|Any CPU
		{32DC4FB6-09CF-4139-9C70-F4A208B5508A}.Release|iPhoneSimulator.Build.0 = Release|Any CPU
		{32DC4FB6-09CF-4139-9C70-F4A208B5508A}.Release|x64.ActiveCfg = Release|Any CPU
		{32DC4FB6-09CF-4139-9C70-F4A208B5508A}.Release|x64.Build.0 = Release|Any CPU
		{32DC4FB6-09CF-4139-9C70-F4A208B5508A}.Release|x86.ActiveCfg = Release|Any CPU
		{32DC4FB6-09CF-4139-9C70-F4A208B5508A}.Release|x86.Build.0 = Release|Any CPU
		{6A1CB0F3-9636-4B87-A51F-3A857B1892BA}.Ad-Hoc|Any CPU.ActiveCfg = Release|Any CPU
		{6A1CB0F3-9636-4B87-A51F-3A857B1892BA}.Ad-Hoc|Any CPU.Build.0 = Release|Any CPU
		{6A1CB0F3-9636-4B87-A51F-3A857B1892BA}.Ad-Hoc|Any CPU.Deploy.0 = Release|Any CPU
		{6A1CB0F3-9636-4B87-A51F-3A857B1892BA}.Ad-Hoc|ARM.ActiveCfg = Release|Any CPU
		{6A1CB0F3-9636-4B87-A51F-3A857B1892BA}.Ad-Hoc|ARM.Build.0 = Release|Any CPU
		{6A1CB0F3-9636-4B87-A51F-3A857B1892BA}.Ad-Hoc|ARM.Deploy.0 = Release|Any CPU
		{6A1CB0F3-9636-4B87-A51F-3A857B1892BA}.Ad-Hoc|iPhone.ActiveCfg = Release|Any CPU
		{6A1CB0F3-9636-4B87-A51F-3A857B1892BA}.Ad-Hoc|iPhone.Build.0 = Release|Any CPU
		{6A1CB0F3-9636-4B87-A51F-3A857B1892BA}.Ad-Hoc|iPhone.Deploy.0 = Release|Any CPU
		{6A1CB0F3-9636-4B87-A51F-3A857B1892BA}.Ad-Hoc|iPhoneSimulator.ActiveCfg = Release|Any CPU
		{6A1CB0F3-9636-4B87-A51F-3A857B1892BA}.Ad-Hoc|iPhoneSimulator.Build.0 = Release|Any CPU
		{6A1CB0F3-9636-4B87-A51F-3A857B1892BA}.Ad-Hoc|iPhoneSimulator.Deploy.0 = Release|Any CPU
		{6A1CB0F3-9636-4B87-A51F-3A857B1892BA}.Ad-Hoc|x64.ActiveCfg = Release|Any CPU
		{6A1CB0F3-9636-4B87-A51F-3A857B1892BA}.Ad-Hoc|x64.Build.0 = Release|Any CPU
		{6A1CB0F3-9636-4B87-A51F-3A857B1892BA}.Ad-Hoc|x64.Deploy.0 = Release|Any CPU
		{6A1CB0F3-9636-4B87-A51F-3A857B1892BA}.Ad-Hoc|x86.ActiveCfg = Release|Any CPU
		{6A1CB0F3-9636-4B87-A51F-3A857B1892BA}.Ad-Hoc|x86.Build.0 = Release|Any CPU
		{6A1CB0F3-9636-4B87-A51F-3A857B1892BA}.Ad-Hoc|x86.Deploy.0 = Release|Any CPU
		{6A1CB0F3-9636-4B87-A51F-3A857B1892BA}.AppStore|Any CPU.ActiveCfg = Release|Any CPU
		{6A1CB0F3-9636-4B87-A51F-3A857B1892BA}.AppStore|Any CPU.Build.0 = Release|Any CPU
		{6A1CB0F3-9636-4B87-A51F-3A857B1892BA}.AppStore|Any CPU.Deploy.0 = Release|Any CPU
		{6A1CB0F3-9636-4B87-A51F-3A857B1892BA}.AppStore|ARM.ActiveCfg = Release|Any CPU
		{6A1CB0F3-9636-4B87-A51F-3A857B1892BA}.AppStore|ARM.Build.0 = Release|Any CPU
		{6A1CB0F3-9636-4B87-A51F-3A857B1892BA}.AppStore|ARM.Deploy.0 = Release|Any CPU
		{6A1CB0F3-9636-4B87-A51F-3A857B1892BA}.AppStore|iPhone.ActiveCfg = Release|Any CPU
		{6A1CB0F3-9636-4B87-A51F-3A857B1892BA}.AppStore|iPhone.Build.0 = Release|Any CPU
		{6A1CB0F3-9636-4B87-A51F-3A857B1892BA}.AppStore|iPhone.Deploy.0 = Release|Any CPU
		{6A1CB0F3-9636-4B87-A51F-3A857B1892BA}.AppStore|iPhoneSimulator.ActiveCfg = Release|Any CPU
		{6A1CB0F3-9636-4B87-A51F-3A857B1892BA}.AppStore|iPhoneSimulator.Build.0 = Release|Any CPU
		{6A1CB0F3-9636-4B87-A51F-3A857B1892BA}.AppStore|iPhoneSimulator.Deploy.0 = Release|Any CPU
		{6A1CB0F3-9636-4B87-A51F-3A857B1892BA}.AppStore|x64.ActiveCfg = Release|Any CPU
		{6A1CB0F3-9636-4B87-A51F-3A857B1892BA}.AppStore|x64.Build.0 = Release|Any CPU
		{6A1CB0F3-9636-4B87-A51F-3A857B1892BA}.AppStore|x64.Deploy.0 = Release|Any CPU
		{6A1CB0F3-9636-4B87-A51F-3A857B1892BA}.AppStore|x86.ActiveCfg = Release|Any CPU
		{6A1CB0F3-9636-4B87-A51F-3A857B1892BA}.AppStore|x86.Build.0 = Release|Any CPU
		{6A1CB0F3-9636-4B87-A51F-3A857B1892BA}.AppStore|x86.Deploy.0 = Release|Any CPU
		{6A1CB0F3-9636-4B87-A51F-3A857B1892BA}.Debug|Any CPU.ActiveCfg = Debug|Any CPU
		{6A1CB0F3-9636-4B87-A51F-3A857B1892BA}.Debug|Any CPU.Build.0 = Debug|Any CPU
		{6A1CB0F3-9636-4B87-A51F-3A857B1892BA}.Debug|Any CPU.Deploy.0 = Debug|Any CPU
		{6A1CB0F3-9636-4B87-A51F-3A857B1892BA}.Debug|ARM.ActiveCfg = Debug|Any CPU
		{6A1CB0F3-9636-4B87-A51F-3A857B1892BA}.Debug|ARM.Build.0 = Debug|Any CPU
		{6A1CB0F3-9636-4B87-A51F-3A857B1892BA}.Debug|ARM.Deploy.0 = Debug|Any CPU
		{6A1CB0F3-9636-4B87-A51F-3A857B1892BA}.Debug|iPhone.ActiveCfg = Debug|Any CPU
		{6A1CB0F3-9636-4B87-A51F-3A857B1892BA}.Debug|iPhone.Build.0 = Debug|Any CPU
		{6A1CB0F3-9636-4B87-A51F-3A857B1892BA}.Debug|iPhone.Deploy.0 = Debug|Any CPU
		{6A1CB0F3-9636-4B87-A51F-3A857B1892BA}.Debug|iPhoneSimulator.ActiveCfg = Debug|Any CPU
		{6A1CB0F3-9636-4B87-A51F-3A857B1892BA}.Debug|iPhoneSimulator.Build.0 = Debug|Any CPU
		{6A1CB0F3-9636-4B87-A51F-3A857B1892BA}.Debug|iPhoneSimulator.Deploy.0 = Debug|Any CPU
		{6A1CB0F3-9636-4B87-A51F-3A857B1892BA}.Debug|x64.ActiveCfg = Debug|Any CPU
		{6A1CB0F3-9636-4B87-A51F-3A857B1892BA}.Debug|x64.Build.0 = Debug|Any CPU
		{6A1CB0F3-9636-4B87-A51F-3A857B1892BA}.Debug|x64.Deploy.0 = Debug|Any CPU
		{6A1CB0F3-9636-4B87-A51F-3A857B1892BA}.Debug|x86.ActiveCfg = Debug|Any CPU
		{6A1CB0F3-9636-4B87-A51F-3A857B1892BA}.Debug|x86.Build.0 = Debug|Any CPU
		{6A1CB0F3-9636-4B87-A51F-3A857B1892BA}.Debug|x86.Deploy.0 = Debug|Any CPU
		{6A1CB0F3-9636-4B87-A51F-3A857B1892BA}.Release|Any CPU.ActiveCfg = Release|Any CPU
		{6A1CB0F3-9636-4B87-A51F-3A857B1892BA}.Release|Any CPU.Build.0 = Release|Any CPU
		{6A1CB0F3-9636-4B87-A51F-3A857B1892BA}.Release|Any CPU.Deploy.0 = Release|Any CPU
		{6A1CB0F3-9636-4B87-A51F-3A857B1892BA}.Release|ARM.ActiveCfg = Release|Any CPU
		{6A1CB0F3-9636-4B87-A51F-3A857B1892BA}.Release|ARM.Build.0 = Release|Any CPU
		{6A1CB0F3-9636-4B87-A51F-3A857B1892BA}.Release|ARM.Deploy.0 = Release|Any CPU
		{6A1CB0F3-9636-4B87-A51F-3A857B1892BA}.Release|iPhone.ActiveCfg = Release|Any CPU
		{6A1CB0F3-9636-4B87-A51F-3A857B1892BA}.Release|iPhone.Build.0 = Release|Any CPU
		{6A1CB0F3-9636-4B87-A51F-3A857B1892BA}.Release|iPhone.Deploy.0 = Release|Any CPU
		{6A1CB0F3-9636-4B87-A51F-3A857B1892BA}.Release|iPhoneSimulator.ActiveCfg = Release|Any CPU
		{6A1CB0F3-9636-4B87-A51F-3A857B1892BA}.Release|iPhoneSimulator.Build.0 = Release|Any CPU
		{6A1CB0F3-9636-4B87-A51F-3A857B1892BA}.Release|iPhoneSimulator.Deploy.0 = Release|Any CPU
		{6A1CB0F3-9636-4B87-A51F-3A857B1892BA}.Release|x64.ActiveCfg = Release|Any CPU
		{6A1CB0F3-9636-4B87-A51F-3A857B1892BA}.Release|x64.Build.0 = Release|Any CPU
		{6A1CB0F3-9636-4B87-A51F-3A857B1892BA}.Release|x64.Deploy.0 = Release|Any CPU
		{6A1CB0F3-9636-4B87-A51F-3A857B1892BA}.Release|x86.ActiveCfg = Release|Any CPU
		{6A1CB0F3-9636-4B87-A51F-3A857B1892BA}.Release|x86.Build.0 = Release|Any CPU
		{6A1CB0F3-9636-4B87-A51F-3A857B1892BA}.Release|x86.Deploy.0 = Release|Any CPU
		{A6092945-ED5B-4B34-A104-7330DB448693}.Ad-Hoc|Any CPU.ActiveCfg = Ad-Hoc|iPhone
		{A6092945-ED5B-4B34-A104-7330DB448693}.Ad-Hoc|ARM.ActiveCfg = Ad-Hoc|iPhone
		{A6092945-ED5B-4B34-A104-7330DB448693}.Ad-Hoc|iPhone.ActiveCfg = Ad-Hoc|iPhone
		{A6092945-ED5B-4B34-A104-7330DB448693}.Ad-Hoc|iPhone.Build.0 = Ad-Hoc|iPhone
		{A6092945-ED5B-4B34-A104-7330DB448693}.Ad-Hoc|iPhoneSimulator.ActiveCfg = Ad-Hoc|iPhoneSimulator
		{A6092945-ED5B-4B34-A104-7330DB448693}.Ad-Hoc|iPhoneSimulator.Build.0 = Ad-Hoc|iPhoneSimulator
		{A6092945-ED5B-4B34-A104-7330DB448693}.Ad-Hoc|x64.ActiveCfg = Ad-Hoc|iPhone
		{A6092945-ED5B-4B34-A104-7330DB448693}.Ad-Hoc|x86.ActiveCfg = Ad-Hoc|iPhone
		{A6092945-ED5B-4B34-A104-7330DB448693}.AppStore|Any CPU.ActiveCfg = AppStore|iPhone
		{A6092945-ED5B-4B34-A104-7330DB448693}.AppStore|ARM.ActiveCfg = AppStore|iPhone
		{A6092945-ED5B-4B34-A104-7330DB448693}.AppStore|iPhone.ActiveCfg = AppStore|iPhone
		{A6092945-ED5B-4B34-A104-7330DB448693}.AppStore|iPhone.Build.0 = AppStore|iPhone
		{A6092945-ED5B-4B34-A104-7330DB448693}.AppStore|iPhoneSimulator.ActiveCfg = AppStore|iPhoneSimulator
		{A6092945-ED5B-4B34-A104-7330DB448693}.AppStore|iPhoneSimulator.Build.0 = AppStore|iPhoneSimulator
		{A6092945-ED5B-4B34-A104-7330DB448693}.AppStore|x64.ActiveCfg = AppStore|iPhone
		{A6092945-ED5B-4B34-A104-7330DB448693}.AppStore|x86.ActiveCfg = AppStore|iPhone
		{A6092945-ED5B-4B34-A104-7330DB448693}.Debug|Any CPU.ActiveCfg = Debug|iPhone
		{A6092945-ED5B-4B34-A104-7330DB448693}.Debug|ARM.ActiveCfg = Debug|iPhone
		{A6092945-ED5B-4B34-A104-7330DB448693}.Debug|iPhone.ActiveCfg = Debug|iPhone
		{A6092945-ED5B-4B34-A104-7330DB448693}.Debug|iPhone.Build.0 = Debug|iPhone
		{A6092945-ED5B-4B34-A104-7330DB448693}.Debug|iPhoneSimulator.ActiveCfg = Debug|iPhoneSimulator
		{A6092945-ED5B-4B34-A104-7330DB448693}.Debug|iPhoneSimulator.Build.0 = Debug|iPhoneSimulator
		{A6092945-ED5B-4B34-A104-7330DB448693}.Debug|x64.ActiveCfg = Debug|iPhone
		{A6092945-ED5B-4B34-A104-7330DB448693}.Debug|x86.ActiveCfg = Debug|iPhone
		{A6092945-ED5B-4B34-A104-7330DB448693}.Release|Any CPU.ActiveCfg = Release|iPhone
		{A6092945-ED5B-4B34-A104-7330DB448693}.Release|ARM.ActiveCfg = Release|iPhone
		{A6092945-ED5B-4B34-A104-7330DB448693}.Release|iPhone.ActiveCfg = Release|iPhone
		{A6092945-ED5B-4B34-A104-7330DB448693}.Release|iPhone.Build.0 = Release|iPhone
		{A6092945-ED5B-4B34-A104-7330DB448693}.Release|iPhoneSimulator.ActiveCfg = Release|iPhoneSimulator
		{A6092945-ED5B-4B34-A104-7330DB448693}.Release|iPhoneSimulator.Build.0 = Release|iPhoneSimulator
		{A6092945-ED5B-4B34-A104-7330DB448693}.Release|x64.ActiveCfg = Release|iPhone
		{A6092945-ED5B-4B34-A104-7330DB448693}.Release|x86.ActiveCfg = Release|iPhone
		{ECC638D2-8D1F-4937-B936-6D7507E12446}.Ad-Hoc|Any CPU.ActiveCfg = Release|x86
		{ECC638D2-8D1F-4937-B936-6D7507E12446}.Ad-Hoc|Any CPU.Build.0 = Release|x86
		{ECC638D2-8D1F-4937-B936-6D7507E12446}.Ad-Hoc|Any CPU.Deploy.0 = Release|x86
		{ECC638D2-8D1F-4937-B936-6D7507E12446}.Ad-Hoc|ARM.ActiveCfg = Release|ARM
		{ECC638D2-8D1F-4937-B936-6D7507E12446}.Ad-Hoc|ARM.Build.0 = Release|ARM
		{ECC638D2-8D1F-4937-B936-6D7507E12446}.Ad-Hoc|ARM.Deploy.0 = Release|ARM
		{ECC638D2-8D1F-4937-B936-6D7507E12446}.Ad-Hoc|iPhone.ActiveCfg = Release|x86
		{ECC638D2-8D1F-4937-B936-6D7507E12446}.Ad-Hoc|iPhone.Build.0 = Release|x86
		{ECC638D2-8D1F-4937-B936-6D7507E12446}.Ad-Hoc|iPhone.Deploy.0 = Release|x86
		{ECC638D2-8D1F-4937-B936-6D7507E12446}.Ad-Hoc|iPhoneSimulator.ActiveCfg = Release|x86
		{ECC638D2-8D1F-4937-B936-6D7507E12446}.Ad-Hoc|iPhoneSimulator.Build.0 = Release|x86
		{ECC638D2-8D1F-4937-B936-6D7507E12446}.Ad-Hoc|iPhoneSimulator.Deploy.0 = Release|x86
		{ECC638D2-8D1F-4937-B936-6D7507E12446}.Ad-Hoc|x64.ActiveCfg = Release|x64
		{ECC638D2-8D1F-4937-B936-6D7507E12446}.Ad-Hoc|x64.Build.0 = Release|x64
		{ECC638D2-8D1F-4937-B936-6D7507E12446}.Ad-Hoc|x64.Deploy.0 = Release|x64
		{ECC638D2-8D1F-4937-B936-6D7507E12446}.Ad-Hoc|x86.ActiveCfg = Release|x86
		{ECC638D2-8D1F-4937-B936-6D7507E12446}.Ad-Hoc|x86.Build.0 = Release|x86
		{ECC638D2-8D1F-4937-B936-6D7507E12446}.Ad-Hoc|x86.Deploy.0 = Release|x86
		{ECC638D2-8D1F-4937-B936-6D7507E12446}.AppStore|Any CPU.ActiveCfg = Release|x86
		{ECC638D2-8D1F-4937-B936-6D7507E12446}.AppStore|Any CPU.Build.0 = Release|x86
		{ECC638D2-8D1F-4937-B936-6D7507E12446}.AppStore|Any CPU.Deploy.0 = Release|x86
		{ECC638D2-8D1F-4937-B936-6D7507E12446}.AppStore|ARM.ActiveCfg = Release|ARM
		{ECC638D2-8D1F-4937-B936-6D7507E12446}.AppStore|ARM.Build.0 = Release|ARM
		{ECC638D2-8D1F-4937-B936-6D7507E12446}.AppStore|ARM.Deploy.0 = Release|ARM
		{ECC638D2-8D1F-4937-B936-6D7507E12446}.AppStore|iPhone.ActiveCfg = Release|x86
		{ECC638D2-8D1F-4937-B936-6D7507E12446}.AppStore|iPhone.Build.0 = Release|x86
		{ECC638D2-8D1F-4937-B936-6D7507E12446}.AppStore|iPhone.Deploy.0 = Release|x86
		{ECC638D2-8D1F-4937-B936-6D7507E12446}.AppStore|iPhoneSimulator.ActiveCfg = Release|x86
		{ECC638D2-8D1F-4937-B936-6D7507E12446}.AppStore|iPhoneSimulator.Build.0 = Release|x86
		{ECC638D2-8D1F-4937-B936-6D7507E12446}.AppStore|iPhoneSimulator.Deploy.0 = Release|x86
		{ECC638D2-8D1F-4937-B936-6D7507E12446}.AppStore|x64.ActiveCfg = Release|x64
		{ECC638D2-8D1F-4937-B936-6D7507E12446}.AppStore|x64.Build.0 = Release|x64
		{ECC638D2-8D1F-4937-B936-6D7507E12446}.AppStore|x64.Deploy.0 = Release|x64
		{ECC638D2-8D1F-4937-B936-6D7507E12446}.AppStore|x86.ActiveCfg = Release|x86
		{ECC638D2-8D1F-4937-B936-6D7507E12446}.AppStore|x86.Build.0 = Release|x86
		{ECC638D2-8D1F-4937-B936-6D7507E12446}.AppStore|x86.Deploy.0 = Release|x86
		{ECC638D2-8D1F-4937-B936-6D7507E12446}.Debug|Any CPU.ActiveCfg = Debug|x86
		{ECC638D2-8D1F-4937-B936-6D7507E12446}.Debug|ARM.ActiveCfg = Debug|ARM
		{ECC638D2-8D1F-4937-B936-6D7507E12446}.Debug|ARM.Build.0 = Debug|ARM
		{ECC638D2-8D1F-4937-B936-6D7507E12446}.Debug|ARM.Deploy.0 = Debug|ARM
		{ECC638D2-8D1F-4937-B936-6D7507E12446}.Debug|iPhone.ActiveCfg = Debug|x86
		{ECC638D2-8D1F-4937-B936-6D7507E12446}.Debug|iPhoneSimulator.ActiveCfg = Debug|x86
		{ECC638D2-8D1F-4937-B936-6D7507E12446}.Debug|x64.ActiveCfg = Debug|x64
		{ECC638D2-8D1F-4937-B936-6D7507E12446}.Debug|x64.Build.0 = Debug|x64
		{ECC638D2-8D1F-4937-B936-6D7507E12446}.Debug|x64.Deploy.0 = Debug|x64
		{ECC638D2-8D1F-4937-B936-6D7507E12446}.Debug|x86.ActiveCfg = Debug|x86
		{ECC638D2-8D1F-4937-B936-6D7507E12446}.Debug|x86.Build.0 = Debug|x86
		{ECC638D2-8D1F-4937-B936-6D7507E12446}.Debug|x86.Deploy.0 = Debug|x86
		{ECC638D2-8D1F-4937-B936-6D7507E12446}.Release|Any CPU.ActiveCfg = Release|x86
		{ECC638D2-8D1F-4937-B936-6D7507E12446}.Release|ARM.ActiveCfg = Release|ARM
		{ECC638D2-8D1F-4937-B936-6D7507E12446}.Release|ARM.Build.0 = Release|ARM
		{ECC638D2-8D1F-4937-B936-6D7507E12446}.Release|ARM.Deploy.0 = Release|ARM
		{ECC638D2-8D1F-4937-B936-6D7507E12446}.Release|iPhone.ActiveCfg = Release|x86
		{ECC638D2-8D1F-4937-B936-6D7507E12446}.Release|iPhoneSimulator.ActiveCfg = Release|x86
		{ECC638D2-8D1F-4937-B936-6D7507E12446}.Release|x64.ActiveCfg = Release|x64
		{ECC638D2-8D1F-4937-B936-6D7507E12446}.Release|x64.Build.0 = Release|x64
		{ECC638D2-8D1F-4937-B936-6D7507E12446}.Release|x64.Deploy.0 = Release|x64
		{ECC638D2-8D1F-4937-B936-6D7507E12446}.Release|x86.ActiveCfg = Release|x86
		{ECC638D2-8D1F-4937-B936-6D7507E12446}.Release|x86.Build.0 = Release|x86
		{ECC638D2-8D1F-4937-B936-6D7507E12446}.Release|x86.Deploy.0 = Release|x86
		{B356B9A3-BF6C-4746-8F27-99834CD9EE57}.Ad-Hoc|Any CPU.ActiveCfg = Debug|Any CPU
		{B356B9A3-BF6C-4746-8F27-99834CD9EE57}.Ad-Hoc|Any CPU.Build.0 = Debug|Any CPU
		{B356B9A3-BF6C-4746-8F27-99834CD9EE57}.Ad-Hoc|ARM.ActiveCfg = Debug|Any CPU
		{B356B9A3-BF6C-4746-8F27-99834CD9EE57}.Ad-Hoc|ARM.Build.0 = Debug|Any CPU
		{B356B9A3-BF6C-4746-8F27-99834CD9EE57}.Ad-Hoc|iPhone.ActiveCfg = Debug|Any CPU
		{B356B9A3-BF6C-4746-8F27-99834CD9EE57}.Ad-Hoc|iPhone.Build.0 = Debug|Any CPU
		{B356B9A3-BF6C-4746-8F27-99834CD9EE57}.Ad-Hoc|iPhoneSimulator.ActiveCfg = Debug|Any CPU
		{B356B9A3-BF6C-4746-8F27-99834CD9EE57}.Ad-Hoc|iPhoneSimulator.Build.0 = Debug|Any CPU
		{B356B9A3-BF6C-4746-8F27-99834CD9EE57}.Ad-Hoc|x64.ActiveCfg = Debug|Any CPU
		{B356B9A3-BF6C-4746-8F27-99834CD9EE57}.Ad-Hoc|x64.Build.0 = Debug|Any CPU
		{B356B9A3-BF6C-4746-8F27-99834CD9EE57}.Ad-Hoc|x86.ActiveCfg = Debug|Any CPU
		{B356B9A3-BF6C-4746-8F27-99834CD9EE57}.Ad-Hoc|x86.Build.0 = Debug|Any CPU
		{B356B9A3-BF6C-4746-8F27-99834CD9EE57}.AppStore|Any CPU.ActiveCfg = Debug|Any CPU
		{B356B9A3-BF6C-4746-8F27-99834CD9EE57}.AppStore|Any CPU.Build.0 = Debug|Any CPU
		{B356B9A3-BF6C-4746-8F27-99834CD9EE57}.AppStore|ARM.ActiveCfg = Debug|Any CPU
		{B356B9A3-BF6C-4746-8F27-99834CD9EE57}.AppStore|ARM.Build.0 = Debug|Any CPU
		{B356B9A3-BF6C-4746-8F27-99834CD9EE57}.AppStore|iPhone.ActiveCfg = Debug|Any CPU
		{B356B9A3-BF6C-4746-8F27-99834CD9EE57}.AppStore|iPhone.Build.0 = Debug|Any CPU
		{B356B9A3-BF6C-4746-8F27-99834CD9EE57}.AppStore|iPhoneSimulator.ActiveCfg = Debug|Any CPU
		{B356B9A3-BF6C-4746-8F27-99834CD9EE57}.AppStore|iPhoneSimulator.Build.0 = Debug|Any CPU
		{B356B9A3-BF6C-4746-8F27-99834CD9EE57}.AppStore|x64.ActiveCfg = Debug|Any CPU
		{B356B9A3-BF6C-4746-8F27-99834CD9EE57}.AppStore|x64.Build.0 = Debug|Any CPU
		{B356B9A3-BF6C-4746-8F27-99834CD9EE57}.AppStore|x86.ActiveCfg = Debug|Any CPU
		{B356B9A3-BF6C-4746-8F27-99834CD9EE57}.AppStore|x86.Build.0 = Debug|Any CPU
		{B356B9A3-BF6C-4746-8F27-99834CD9EE57}.Debug|Any CPU.ActiveCfg = Debug|Any CPU
		{B356B9A3-BF6C-4746-8F27-99834CD9EE57}.Debug|Any CPU.Build.0 = Debug|Any CPU
		{B356B9A3-BF6C-4746-8F27-99834CD9EE57}.Debug|ARM.ActiveCfg = Debug|Any CPU
		{B356B9A3-BF6C-4746-8F27-99834CD9EE57}.Debug|ARM.Build.0 = Debug|Any CPU
		{B356B9A3-BF6C-4746-8F27-99834CD9EE57}.Debug|iPhone.ActiveCfg = Debug|Any CPU
		{B356B9A3-BF6C-4746-8F27-99834CD9EE57}.Debug|iPhone.Build.0 = Debug|Any CPU
		{B356B9A3-BF6C-4746-8F27-99834CD9EE57}.Debug|iPhoneSimulator.ActiveCfg = Debug|Any CPU
		{B356B9A3-BF6C-4746-8F27-99834CD9EE57}.Debug|iPhoneSimulator.Build.0 = Debug|Any CPU
		{B356B9A3-BF6C-4746-8F27-99834CD9EE57}.Debug|x64.ActiveCfg = Debug|Any CPU
		{B356B9A3-BF6C-4746-8F27-99834CD9EE57}.Debug|x64.Build.0 = Debug|Any CPU
		{B356B9A3-BF6C-4746-8F27-99834CD9EE57}.Debug|x86.ActiveCfg = Debug|Any CPU
		{B356B9A3-BF6C-4746-8F27-99834CD9EE57}.Debug|x86.Build.0 = Debug|Any CPU
		{B356B9A3-BF6C-4746-8F27-99834CD9EE57}.Release|Any CPU.ActiveCfg = Release|Any CPU
		{B356B9A3-BF6C-4746-8F27-99834CD9EE57}.Release|Any CPU.Build.0 = Release|Any CPU
		{B356B9A3-BF6C-4746-8F27-99834CD9EE57}.Release|ARM.ActiveCfg = Release|Any CPU
		{B356B9A3-BF6C-4746-8F27-99834CD9EE57}.Release|ARM.Build.0 = Release|Any CPU
		{B356B9A3-BF6C-4746-8F27-99834CD9EE57}.Release|iPhone.ActiveCfg = Release|Any CPU
		{B356B9A3-BF6C-4746-8F27-99834CD9EE57}.Release|iPhone.Build.0 = Release|Any CPU
		{B356B9A3-BF6C-4746-8F27-99834CD9EE57}.Release|iPhoneSimulator.ActiveCfg = Release|Any CPU
		{B356B9A3-BF6C-4746-8F27-99834CD9EE57}.Release|iPhoneSimulator.Build.0 = Release|Any CPU
		{B356B9A3-BF6C-4746-8F27-99834CD9EE57}.Release|x64.ActiveCfg = Release|Any CPU
		{B356B9A3-BF6C-4746-8F27-99834CD9EE57}.Release|x64.Build.0 = Release|Any CPU
		{B356B9A3-BF6C-4746-8F27-99834CD9EE57}.Release|x86.ActiveCfg = Release|Any CPU
		{B356B9A3-BF6C-4746-8F27-99834CD9EE57}.Release|x86.Build.0 = Release|Any CPU
	EndGlobalSection
	GlobalSection(SolutionProperties) = preSolution
		HideSolutionNode = FALSE
	EndGlobalSection
	GlobalSection(NestedProjects) = preSolution
		{49B4794E-ED70-43D5-A238-ED2EFC363201} = {5AB901E8-7D85-43D8-AC7D-AFBFF4F9D99E}
		{00EF9BD5-A5F6-4B94-B0FE-030B0DF8C645} = {EB33BF4D-C179-47DC-87E9-2B4B2752ED2D}
		{32DC4FB6-09CF-4139-9C70-F4A208B5508A} = {35C27E38-2543-44A3-8718-E8FEFE0C92BD}
		{6A1CB0F3-9636-4B87-A51F-3A857B1892BA} = {8CBDDD1C-0909-4D47-A8C0-A966C5D3D1B0}
		{A6092945-ED5B-4B34-A104-7330DB448693} = {8CBDDD1C-0909-4D47-A8C0-A966C5D3D1B0}
		{ECC638D2-8D1F-4937-B936-6D7507E12446} = {8CBDDD1C-0909-4D47-A8C0-A966C5D3D1B0}
		{B356B9A3-BF6C-4746-8F27-99834CD9EE57} = {8CBDDD1C-0909-4D47-A8C0-A966C5D3D1B0}
	EndGlobalSection
	GlobalSection(ExtensibilityGlobals) = postSolution
		SolutionGuid = {1E410EF1-10AB-406C-B6A2-782BD532A3A9}
	EndGlobalSection
EndGlobal
